{
  "name": "examples",
  "version": "1.0.0",
  "lockfileVersion": 2,
  "requires": true,
  "packages": {
    "": {
      "name": "examples",
      "version": "1.0.0",
      "license": "ISC",
      "dependencies": {
        "@requiemdb/rq": "^0.0.21"
      },
      "devDependencies": {
        "typescript": "^5.4.3"
      }
    },
    "node_modules/@protobuf-ts/runtime": {
      "version": "2.9.4",
      "resolved": "https://registry.npmjs.org/@protobuf-ts/runtime/-/runtime-2.9.4.tgz",
      "integrity": "sha512-vHRFWtJJB/SiogWDF0ypoKfRIZ41Kq+G9cEFj6Qm1eQaAhJ1LDFvgZ7Ja4tb3iLOQhz0PaoPnnOijF1qmEqTxg=="
    },
    "node_modules/@requiemdb/rq": {
      "version": "0.0.21",
      "resolved": "https://registry.npmjs.org/@requiemdb/rq/-/rq-0.0.21.tgz",
      "integrity": "sha512-bNRu3t2ySNrWKA5aLwwZapTET/Q3AULEjn4T/siXnkiyLOZSZsrrvypFbQ9PTPRMOwxrDhX/+o6U81xw/rzyLw==",
      "dependencies": {
        "@protobuf-ts/runtime": "^2.9.4"
      }
    },
    "node_modules/typescript": {
      "version": "5.4.3",
      "resolved": "https://registry.npmjs.org/typescript/-/typescript-5.4.3.tgz",
      "integrity": "sha512-KrPd3PKaCLr78MalgiwJnA25Nm8HAmdwN3mYUYZgG/wizIo9EainNVQI9/yDavtVFRN2h3k8uf3GLHuhDMgEHg==",
      "dev": true,
      "bin": {
        "tsc": "bin/tsc",
        "tsserver": "bin/tsserver"
      },
      "engines": {
        "node": ">=14.17"
      }
    }
  },
  "dependencies": {
    "@protobuf-ts/runtime": {
      "version": "2.9.4",
      "resolved": "https://registry.npmjs.org/@protobuf-ts/runtime/-/runtime-2.9.4.tgz",
      "integrity": "sha512-vHRFWtJJB/SiogWDF0ypoKfRIZ41Kq+G9cEFj6Qm1eQaAhJ1LDFvgZ7Ja4tb3iLOQhz0PaoPnnOijF1qmEqTxg=="
    },
    "@requiemdb/rq": {
      "version": "0.0.21",
      "resolved": "https://registry.npmjs.org/@requiemdb/rq/-/rq-0.0.21.tgz",
      "integrity": "sha512-bNRu3t2ySNrWKA5aLwwZapTET/Q3AULEjn4T/siXnkiyLOZSZsrrvypFbQ9PTPRMOwxrDhX/+o6U81xw/rzyLw==",
      "requires": {
        "@protobuf-ts/runtime": "^2.9.4"
      }
    },
    "typescript": {
      "version": "5.4.3",
      "resolved": "https://registry.npmjs.org/typescript/-/typescript-5.4.3.tgz",
      "integrity": "sha512-KrPd3PKaCLr78MalgiwJnA25Nm8HAmdwN3mYUYZgG/wizIo9EainNVQI9/yDavtVFRN2h3k8uf3GLHuhDMgEHg==",
      "dev": true
    }
  }
}
