# Generated by buf. DO NOT EDIT.
version: v1
deps:
  - remote: buf.build
    owner: opentelemetry
    repository: opentelemetry
    commit: 3b1a4532819a4fa4a146cebc8f7c8f16
    digest: shake256:487ca73312a2d34792549db13003259bd4549f8589c31f1c9c84aaaf84bd4635d1a735e833ffaf5bfb8382a4123fb90eb1499600c3957ff16ca78b32d9970925
